
Microsoft Visual Studio Solution File, Format Version 12.00
# Visual Studio 15
VisualStudioVersion = 15.0.26124.0
MinimumVisualStudioVersion = 15.0.26124.0
Project("{2150E333-8FDC-42A3-9474-1A3956D46DE8}") = "src", "src", "{A1611250-A07F-4DDB-A744-EBEBFDC01F4C}"
EndProject
Project("{FAE04EC0-301F-11D3-BF4B-00C04F79EFBC}") = "WebAPIClientTest.Core", "src\WebAPIClientTest.Core\WebAPIClientTest.Core.csproj", "{D2085D24-CF29-4735-A956-9D82FFEC1836}"
EndProject
Project("{FAE04EC0-301F-11D3-BF4B-00C04F79EFBC}") = "WebAPIClientTest.Server", "src\WebAPIClientTest.Server\WebAPIClientTest.Server.csproj", "{04CD8C56-AF57-4957-A9D7-7225CA5095CD}"
EndProject
Project("{FAE04EC0-301F-11D3-BF4B-00C04F79EFBC}") = "WebAPIClientTest.Client", "src\WebAPIClientTest.Client\WebAPIClientTest.Client.csproj", "{6BFC2870-F57E-4B51-A18D-2CD0BCC3DEF1}"
EndProject
Global
	GlobalSection(SolutionConfigurationPlatforms) = preSolution
		Debug|Any CPU = Debug|Any CPU
		Debug|x64 = Debug|x64
		Debug|x86 = Debug|x86
		Release|Any CPU = Release|Any CPU
		Release|x64 = Release|x64
		Release|x86 = Release|x86
	EndGlobalSection
	GlobalSection(SolutionProperties) = preSolution
		HideSolutionNode = FALSE
	EndGlobalSection
	GlobalSection(ProjectConfigurationPlatforms) = postSolution
		{D2085D24-CF29-4735-A956-9D82FFEC1836}.Debug|Any CPU.ActiveCfg = Debug|Any CPU
		{D2085D24-CF29-4735-A956-9D82FFEC1836}.Debug|Any CPU.Build.0 = Debug|Any CPU
		{D2085D24-CF29-4735-A956-9D82FFEC1836}.Debug|x64.ActiveCfg = Debug|x64
		{D2085D24-CF29-4735-A956-9D82FFEC1836}.Debug|x64.Build.0 = Debug|x64
		{D2085D24-CF29-4735-A956-9D82FFEC1836}.Debug|x86.ActiveCfg = Debug|x86
		{D2085D24-CF29-4735-A956-9D82FFEC1836}.Debug|x86.Build.0 = Debug|x86
		{D2085D24-CF29-4735-A956-9D82FFEC1836}.Release|Any CPU.ActiveCfg = Release|Any CPU
		{D2085D24-CF29-4735-A956-9D82FFEC1836}.Release|Any CPU.Build.0 = Release|Any CPU
		{D2085D24-CF29-4735-A956-9D82FFEC1836}.Release|x64.ActiveCfg = Release|x64
		{D2085D24-CF29-4735-A956-9D82FFEC1836}.Release|x64.Build.0 = Release|x64
		{D2085D24-CF29-4735-A956-9D82FFEC1836}.Release|x86.ActiveCfg = Release|x86
		{D2085D24-CF29-4735-A956-9D82FFEC1836}.Release|x86.Build.0 = Release|x86
		{04CD8C56-AF57-4957-A9D7-7225CA5095CD}.Debug|Any CPU.ActiveCfg = Debug|Any CPU
		{04CD8C56-AF57-4957-A9D7-7225CA5095CD}.Debug|Any CPU.Build.0 = Debug|Any CPU
		{04CD8C56-AF57-4957-A9D7-7225CA5095CD}.Debug|x64.ActiveCfg = Debug|x64
		{04CD8C56-AF57-4957-A9D7-7225CA5095CD}.Debug|x64.Build.0 = Debug|x64
		{04CD8C56-AF57-4957-A9D7-7225CA5095CD}.Debug|x86.ActiveCfg = Debug|x86
		{04CD8C56-AF57-4957-A9D7-7225CA5095CD}.Debug|x86.Build.0 = Debug|x86
		{04CD8C56-AF57-4957-A9D7-7225CA5095CD}.Release|Any CPU.ActiveCfg = Release|Any CPU
		{04CD8C56-AF57-4957-A9D7-7225CA5095CD}.Release|Any CPU.Build.0 = Release|Any CPU
		{04CD8C56-AF57-4957-A9D7-7225CA5095CD}.Release|x64.ActiveCfg = Release|x64
		{04CD8C56-AF57-4957-A9D7-7225CA5095CD}.Release|x64.Build.0 = Release|x64
		{04CD8C56-AF57-4957-A9D7-7225CA5095CD}.Release|x86.ActiveCfg = Release|x86
		{04CD8C56-AF57-4957-A9D7-7225CA5095CD}.Release|x86.Build.0 = Release|x86
		{6BFC2870-F57E-4B51-A18D-2CD0BCC3DEF1}.Debug|Any CPU.ActiveCfg = Debug|Any CPU
		{6BFC2870-F57E-4B51-A18D-2CD0BCC3DEF1}.Debug|Any CPU.Build.0 = Debug|Any CPU
		{6BFC2870-F57E-4B51-A18D-2CD0BCC3DEF1}.Debug|x64.ActiveCfg = Debug|x64
		{6BFC2870-F57E-4B51-A18D-2CD0BCC3DEF1}.Debug|x64.Build.0 = Debug|x64
		{6BFC2870-F57E-4B51-A18D-2CD0BCC3DEF1}.Debug|x86.ActiveCfg = Debug|x86
		{6BFC2870-F57E-4B51-A18D-2CD0BCC3DEF1}.Debug|x86.Build.0 = Debug|x86
		{6BFC2870-F57E-4B51-A18D-2CD0BCC3DEF1}.Release|Any CPU.ActiveCfg = Release|Any CPU
		{6BFC2870-F57E-4B51-A18D-2CD0BCC3DEF1}.Release|Any CPU.Build.0 = Release|Any CPU
		{6BFC2870-F57E-4B51-A18D-2CD0BCC3DEF1}.Release|x64.ActiveCfg = Release|x64
		{6BFC2870-F57E-4B51-A18D-2CD0BCC3DEF1}.Release|x64.Build.0 = Release|x64
		{6BFC2870-F57E-4B51-A18D-2CD0BCC3DEF1}.Release|x86.ActiveCfg = Release|x86
		{6BFC2870-F57E-4B51-A18D-2CD0BCC3DEF1}.Release|x86.Build.0 = Release|x86
	EndGlobalSection
	GlobalSection(NestedProjects) = preSolution
		{D2085D24-CF29-4735-A956-9D82FFEC1836} = {A1611250-A07F-4DDB-A744-EBEBFDC01F4C}
		{04CD8C56-AF57-4957-A9D7-7225CA5095CD} = {A1611250-A07F-4DDB-A744-EBEBFDC01F4C}
		{6BFC2870-F57E-4B51-A18D-2CD0BCC3DEF1} = {A1611250-A07F-4DDB-A744-EBEBFDC01F4C}
	EndGlobalSection
EndGlobal
